
Microsoft Visual Studio Solution File, Format Version 12.00
# Visual Studio Version 16
VisualStudioVersion = 16.0.30114.128
MinimumVisualStudioVersion = 10.0.40219.1
Project("{FAE04EC0-301F-11D3-BF4B-00C04F79EFBC}") = "EtwManifestParsing", "EtwManifestParsing\EtwManifestParsing.csproj", "{8A9BF640-39F0-4C33-896C-DA83DD1DFBF6}"
EndProject
Project("{FAE04EC0-301F-11D3-BF4B-00C04F79EFBC}") = "EtwExplorer", "EtwExplorer\EtwExplorer.csproj", "{BBFF1320-0463-4B2E-B94F-5AADB60ECCDD}"
EndProject
Global
	GlobalSection(SolutionConfigurationPlatforms) = preSolution
		Debug|Any CPU = Debug|Any CPU
		Debug|x64 = Debug|x64
		Debug|x86 = Debug|x86
		Release|Any CPU = Release|Any CPU
		Release|x64 = Release|x64
		Release|x86 = Release|x86
	EndGlobalSection
	GlobalSection(ProjectConfigurationPlatforms) = postSolution
		{8A9BF640-39F0-4C33-896C-DA83DD1DFBF6}.Debug|Any CPU.ActiveCfg = Debug|Any CPU
		{8A9BF640-39F0-4C33-896C-DA83DD1DFBF6}.Debug|Any CPU.Build.0 = Debug|Any CPU
		{8A9BF640-39F0-4C33-896C-DA83DD1DFBF6}.Debug|x64.ActiveCfg = Debug|Any CPU
		{8A9BF640-39F0-4C33-896C-DA83DD1DFBF6}.Debug|x64.Build.0 = Debug|Any CPU
		{8A9BF640-39F0-4C33-896C-DA83DD1DFBF6}.Debug|x86.ActiveCfg = Debug|Any CPU
		{8A9BF640-39F0-4C33-896C-DA83DD1DFBF6}.Debug|x86.Build.0 = Debug|Any CPU
		{8A9BF640-39F0-4C33-896C-DA83DD1DFBF6}.Release|Any CPU.ActiveCfg = Release|Any CPU
		{8A9BF640-39F0-4C33-896C-DA83DD1DFBF6}.Release|Any CPU.Build.0 = Release|Any CPU
		{8A9BF640-39F0-4C33-896C-DA83DD1DFBF6}.Release|x64.ActiveCfg = Release|Any CPU
		{8A9BF640-39F0-4C33-896C-DA83DD1DFBF6}.Release|x64.Build.0 = Release|Any CPU
		{8A9BF640-39F0-4C33-896C-DA83DD1DFBF6}.Release|x86.ActiveCfg = Release|Any CPU
		{8A9BF640-39F0-4C33-896C-DA83DD1DFBF6}.Release|x86.Build.0 = Release|Any CPU
		{BBFF1320-0463-4B2E-B94F-5AADB60ECCDD}.Debug|Any CPU.ActiveCfg = Debug|Any CPU
		{BBFF1320-0463-4B2E-B94F-5AADB60ECCDD}.Debug|Any CPU.Build.0 = Debug|Any CPU
		{BBFF1320-0463-4B2E-B94F-5AADB60ECCDD}.Debug|x64.ActiveCfg = Debug|Any CPU
		{BBFF1320-0463-4B2E-B94F-5AADB60ECCDD}.Debug|x64.Build.0 = Debug|Any CPU
		{BBFF1320-0463-4B2E-B94F-5AADB60ECCDD}.Debug|x86.ActiveCfg = Debug|Any CPU
		{BBFF1320-0463-4B2E-B94F-5AADB60ECCDD}.Debug|x86.Build.0 = Debug|Any CPU
		{BBFF1320-0463-4B2E-B94F-5AADB60ECCDD}.Release|Any CPU.ActiveCfg = Release|Any CPU
		{BBFF1320-0463-4B2E-B94F-5AADB60ECCDD}.Release|Any CPU.Build.0 = Release|Any CPU
		{BBFF1320-0463-4B2E-B94F-5AADB60ECCDD}.Release|x64.ActiveCfg = Release|Any CPU
		{BBFF1320-0463-4B2E-B94F-5AADB60ECCDD}.Release|x64.Build.0 = Release|Any CPU
		{BBFF1320-0463-4B2E-B94F-5AADB60ECCDD}.Release|x86.ActiveCfg = Release|Any CPU
		{BBFF1320-0463-4B2E-B94F-5AADB60ECCDD}.Release|x86.Build.0 = Release|Any CPU
	EndGlobalSection
	GlobalSection(SolutionProperties) = preSolution
		HideSolutionNode = FALSE
	EndGlobalSection
	GlobalSection(ExtensibilityGlobals) = postSolution
		SolutionGuid = {3F746535-0F71-480E-B29E-0BD3025FFDE0}
	EndGlobalSection
EndGlobal
